
Microsoft Visual Studio Solution File, Format Version 12.00
# Visual Studio Version 17
VisualStudioVersion = 17.8.34525.116
MinimumVisualStudioVersion = 10.0.40219.1
Project("{FAE04EC0-301F-11D3-BF4B-00C04F79EFBC}") = "TravelWeb", "TravelWeb\TravelWeb.csproj", "{93DCE203-1B26-40B8-BD9B-7580E42A298A}"
EndProject
Global
	GlobalSection(SolutionConfigurationPlatforms) = preSolution
		Debug|Any CPU = Debug|Any CPU
		Release|Any CPU = Release|Any CPU
	EndGlobalSection
	GlobalSection(ProjectConfigurationPlatforms) = postSolution
		{93DCE203-1B26-40B8-BD9B-7580E42A298A}.Debug|Any CPU.ActiveCfg = Debug|Any CPU
		{93DCE203-1B26-40B8-BD9B-7580E42A298A}.Debug|Any CPU.Build.0 = Debug|Any CPU
		{93DCE203-1B26-40B8-BD9B-7580E42A298A}.Release|Any CPU.ActiveCfg = Release|Any CPU
		{93DCE203-1B26-40B8-BD9B-7580E42A298A}.Release|Any CPU.Build.0 = Release|Any CPU
	EndGlobalSection
	GlobalSection(SolutionProperties) = preSolution
		HideSolutionNode = FALSE
	EndGlobalSection
	GlobalSection(ExtensibilityGlobals) = postSolution
		SolutionGuid = {FBEAE1E7-2765-4DC3-9F09-A6B5F423C0BB}
	EndGlobalSection
EndGlobal
